
Microsoft Visual Studio Solution File, Format Version 12.00
# Visual Studio Version 16
VisualStudioVersion = 16.0.30114.105
MinimumVisualStudioVersion = 10.0.40219.1
Project("{FAE04EC0-301F-11D3-BF4B-00C04F79EFBC}") = "FB.NewOrders.Business", "FB.NewOrders.Business\FB.NewOrders.Business.csproj", "{0F0B2FA3-BBF8-478D-B929-4289A37EEC86}"
EndProject
Project("{FAE04EC0-301F-11D3-BF4B-00C04F79EFBC}") = "FB.NewOrders.Data", "FB.NewOrders.Data\FB.NewOrders.Data.csproj", "{0E7121C2-530C-49ED-9E28-256D48E85B1E}"
EndProject
Project("{FAE04EC0-301F-11D3-BF4B-00C04F79EFBC}") = "FB.NewOrders.Api", "FB.NewOrders.Api\FB.NewOrders.Api.csproj", "{F518AB7B-DE44-4C4B-84F0-1360F45A4EC4}"
EndProject
Project("{FAE04EC0-301F-11D3-BF4B-00C04F79EFBC}") = "FB.NewOrders.Domain", "FB.NewOrders.Domain\FB.NewOrders.Domain.csproj", "{6DF023F1-D7C9-425B-8F60-A1DAC20E8B77}"
EndProject
Project("{FAE04EC0-301F-11D3-BF4B-00C04F79EFBC}") = "FB.NewOrders.Infra", "FB.NewOrders.Infra\FB.NewOrders.Infra.csproj", "{58AA4285-215E-42DA-B94D-D36BF7221BA1}"
EndProject
Global
	GlobalSection(SolutionConfigurationPlatforms) = preSolution
		Debug|Any CPU = Debug|Any CPU
		Release|Any CPU = Release|Any CPU
	EndGlobalSection
	GlobalSection(SolutionProperties) = preSolution
		HideSolutionNode = FALSE
	EndGlobalSection
	GlobalSection(ProjectConfigurationPlatforms) = postSolution
		{0F0B2FA3-BBF8-478D-B929-4289A37EEC86}.Debug|Any CPU.ActiveCfg = Debug|Any CPU
		{0F0B2FA3-BBF8-478D-B929-4289A37EEC86}.Debug|Any CPU.Build.0 = Debug|Any CPU
		{0F0B2FA3-BBF8-478D-B929-4289A37EEC86}.Release|Any CPU.ActiveCfg = Release|Any CPU
		{0F0B2FA3-BBF8-478D-B929-4289A37EEC86}.Release|Any CPU.Build.0 = Release|Any CPU
		{0E7121C2-530C-49ED-9E28-256D48E85B1E}.Debug|Any CPU.ActiveCfg = Debug|Any CPU
		{0E7121C2-530C-49ED-9E28-256D48E85B1E}.Debug|Any CPU.Build.0 = Debug|Any CPU
		{0E7121C2-530C-49ED-9E28-256D48E85B1E}.Release|Any CPU.ActiveCfg = Release|Any CPU
		{0E7121C2-530C-49ED-9E28-256D48E85B1E}.Release|Any CPU.Build.0 = Release|Any CPU
		{F518AB7B-DE44-4C4B-84F0-1360F45A4EC4}.Debug|Any CPU.ActiveCfg = Debug|Any CPU
		{F518AB7B-DE44-4C4B-84F0-1360F45A4EC4}.Debug|Any CPU.Build.0 = Debug|Any CPU
		{F518AB7B-DE44-4C4B-84F0-1360F45A4EC4}.Release|Any CPU.ActiveCfg = Release|Any CPU
		{F518AB7B-DE44-4C4B-84F0-1360F45A4EC4}.Release|Any CPU.Build.0 = Release|Any CPU
		{6DF023F1-D7C9-425B-8F60-A1DAC20E8B77}.Debug|Any CPU.ActiveCfg = Debug|Any CPU
		{6DF023F1-D7C9-425B-8F60-A1DAC20E8B77}.Debug|Any CPU.Build.0 = Debug|Any CPU
		{6DF023F1-D7C9-425B-8F60-A1DAC20E8B77}.Release|Any CPU.ActiveCfg = Release|Any CPU
		{6DF023F1-D7C9-425B-8F60-A1DAC20E8B77}.Release|Any CPU.Build.0 = Release|Any CPU
		{58AA4285-215E-42DA-B94D-D36BF7221BA1}.Debug|Any CPU.ActiveCfg = Debug|Any CPU
		{58AA4285-215E-42DA-B94D-D36BF7221BA1}.Debug|Any CPU.Build.0 = Debug|Any CPU
		{58AA4285-215E-42DA-B94D-D36BF7221BA1}.Release|Any CPU.ActiveCfg = Release|Any CPU
		{58AA4285-215E-42DA-B94D-D36BF7221BA1}.Release|Any CPU.Build.0 = Release|Any CPU
	EndGlobalSection
EndGlobal
